name: HasLock
definition: Indication of whether a switching device has a key operated lock (=TRUE) or not (= FALSE).
dictionaryReference:
  dictionaryIdentifier: http://bsdd.buildingsmart.org
  dictionaryNamespace: PSet
  dictionaryWebUri: http://bsdd.buildingsmart.org/#concept/browse/3DOZe0qWqHuO00025QrE$V
  dictionaryApiUri: http://bsdd.buildingsmart.org/api/4.0/IfdConcept/3DOZe0qWqHuO00025QrE$V
  ifdGuid: 3DOZe0qWqHuO00025QrE$V
  legacyGuid: cd623a00d20d11e1800000215ad4efdf
  legacyGuids:
  - 3DOZe0qWqHuO00025QrE$V
  legacyGuidAsIfcGlobalId: 3DOZe0qWqHuO00025QrE$V
localizations:
- language: en
  name: 'Has Lock'
  definition: ''
- language: ja-JP
  name: 'ロックの可否'
  definition: 'スイッチ装置がキー操作でロックする場合は（TRUE)、そうでない場合は（FALSE)を表す。'
- language: ko-KR
  name: '잠금여부'
  definition: '스위치 장치가 키 조작으로 잠글 경우 (TRUE), 그렇지 않은 경우 (FALSE)을 나타낸다.'
- language: de-DE
  name: ''
  definition: ''
- language: en-GB
  name: ''
  definition: ''
- language: es-ES
  name: ''
  definition: ''
- language: fr-FR
  name: ''
  definition: ''
- language: ru-RU
  name: ''
  definition: ''
typePropertySingleValue:
  dataType: IfcBoolean
  measureType: ''
  unitType: USERDEFINED
status:
  versionNumber: 4
  dateOfVersion: 2018-01-01T00:00:00.0000000
  revisionNumber: 2
  dateOfRevision: 2018-01-01T00:00:00.0000000
  status: Active
  dateOfCreation: 2018-01-01T00:00:00.0000000
  dateOfActivation: 2018-01-01T00:00:00.0000000
  dateOfLastChange: 2018-01-01T00:00:00.0000000
  languageOfCreator: en-EN
