
Microsoft Visual Studio Solution File, Format Version 12.00
# Visual Studio 15
VisualStudioVersion = 15.0.28010.2046
MinimumVisualStudioVersion = 10.0.40219.1
Project("{FAE04EC0-301F-11D3-BF4B-00C04F79EFBC}") = "PSetManager", "PSetManager\PSetManager.csproj", "{65C5E05F-2D65-4D60-B40F-E93D694068B5}"
EndProject
Project("{9A19103F-16F7-4668-BE54-9A1E7A4F7556}") = "PSet.NET", "PSet.NET\PSet.NET.csproj", "{01EC4A9C-70D3-4363-B04D-09B307586E09}"
EndProject
Project("{9A19103F-16F7-4668-BE54-9A1E7A4F7556}") = "bSDD.NET", "bSDD.NET\bSDD.NET.csproj", "{5EF3885D-D54C-4F56-B4C9-A652CDF5789B}"
EndProject
Global
	GlobalSection(SolutionConfigurationPlatforms) = preSolution
		Debug|Any CPU = Debug|Any CPU
		Release|Any CPU = Release|Any CPU
	EndGlobalSection
	GlobalSection(ProjectConfigurationPlatforms) = postSolution
		{65C5E05F-2D65-4D60-B40F-E93D694068B5}.Debug|Any CPU.ActiveCfg = Debug|Any CPU
		{65C5E05F-2D65-4D60-B40F-E93D694068B5}.Debug|Any CPU.Build.0 = Debug|Any CPU
		{65C5E05F-2D65-4D60-B40F-E93D694068B5}.Release|Any CPU.ActiveCfg = Release|Any CPU
		{65C5E05F-2D65-4D60-B40F-E93D694068B5}.Release|Any CPU.Build.0 = Release|Any CPU
		{01EC4A9C-70D3-4363-B04D-09B307586E09}.Debug|Any CPU.ActiveCfg = Debug|Any CPU
		{01EC4A9C-70D3-4363-B04D-09B307586E09}.Debug|Any CPU.Build.0 = Debug|Any CPU
		{01EC4A9C-70D3-4363-B04D-09B307586E09}.Release|Any CPU.ActiveCfg = Release|Any CPU
		{01EC4A9C-70D3-4363-B04D-09B307586E09}.Release|Any CPU.Build.0 = Release|Any CPU
		{5EF3885D-D54C-4F56-B4C9-A652CDF5789B}.Debug|Any CPU.ActiveCfg = Debug|Any CPU
		{5EF3885D-D54C-4F56-B4C9-A652CDF5789B}.Debug|Any CPU.Build.0 = Debug|Any CPU
		{5EF3885D-D54C-4F56-B4C9-A652CDF5789B}.Release|Any CPU.ActiveCfg = Release|Any CPU
		{5EF3885D-D54C-4F56-B4C9-A652CDF5789B}.Release|Any CPU.Build.0 = Release|Any CPU
	EndGlobalSection
	GlobalSection(SolutionProperties) = preSolution
		HideSolutionNode = FALSE
	EndGlobalSection
	GlobalSection(ExtensibilityGlobals) = postSolution
		SolutionGuid = {BA1F39A6-5671-44BE-9A7B-8DA34076CBA5}
	EndGlobalSection
EndGlobal
